
Microsoft Visual Studio Solution File, Format Version 12.00
# Visual Studio 15
VisualStudioVersion = 15.0.28307.1082
MinimumVisualStudioVersion = 10.0.40219.1
Project("{FAE04EC0-301F-11D3-BF4B-00C04F79EFBC}") = "trackpuls", "trackpuls.csproj", "{1BBDB14A-9623-4B20-A644-2043E7D1D99F}"
EndProject
Global
	GlobalSection(SolutionConfigurationPlatforms) = preSolution
		Debug|Any CPU = Debug|Any CPU
		Release|Any CPU = Release|Any CPU
	EndGlobalSection
	GlobalSection(ProjectConfigurationPlatforms) = postSolution
		{1BBDB14A-9623-4B20-A644-2043E7D1D99F}.Debug|Any CPU.ActiveCfg = Debug|Any CPU
		{1BBDB14A-9623-4B20-A644-2043E7D1D99F}.Debug|Any CPU.Build.0 = Debug|Any CPU
		{1BBDB14A-9623-4B20-A644-2043E7D1D99F}.Release|Any CPU.ActiveCfg = Release|Any CPU
		{1BBDB14A-9623-4B20-A644-2043E7D1D99F}.Release|Any CPU.Build.0 = Release|Any CPU
	EndGlobalSection
	GlobalSection(SolutionProperties) = preSolution
		HideSolutionNode = FALSE
	EndGlobalSection
	GlobalSection(ExtensibilityGlobals) = postSolution
		SolutionGuid = {C9E9296D-3082-4846-9017-AEBF15415D8E}
	EndGlobalSection
EndGlobal
